// !$*UTF8*$!
{
	archiveVersion = 1;
	classes = {
	};
	objectVersion = 46;
	objects = {

/* Begin PBXBuildFile section */
		5EC3CB895631411D3825C780 /* libPods-SpringCare.a in Frameworks */ = {isa = PBXBuildFile; fileRef = BBBF94160FD6994D54C5FC7A /* libPods-SpringCare.a */; };
		8642C8BD1ABFF4D300251921 /* LCRefreshTableVC.m in Sources */ = {isa = PBXBuildFile; fileRef = 8642C8BC1ABFF4D300251921 /* LCRefreshTableVC.m */; };
		8642C92C1ABFF53C00251921 /* blackArrow.png in Resources */ = {isa = PBXBuildFile; fileRef = 8642C8DD1ABFF53C00251921 /* blackArrow.png */; };
		8642C92D1ABFF53C00251921 /* blackArrow@2x.png in Resources */ = {isa = PBXBuildFile; fileRef = 8642C8DE1ABFF53C00251921 /* blackArrow@2x.png */; };
		8642C92E1ABFF53C00251921 /* blueArrow.png in Resources */ = {isa = PBXBuildFile; fileRef = 8642C8DF1ABFF53C00251921 /* blueArrow.png */; };
		8642C92F1ABFF53C00251921 /* blueArrow@2x.png in Resources */ = {isa = PBXBuildFile; fileRef = 8642C8E01ABFF53C00251921 /* blueArrow@2x.png */; };
		8642C9301ABFF53C00251921 /* grayArrow.png in Resources */ = {isa = PBXBuildFile; fileRef = 8642C8E11ABFF53C00251921 /* grayArrow.png */; };
		8642C9311ABFF53C00251921 /* grayArrow@2x.png in Resources */ = {isa = PBXBuildFile; fileRef = 8642C8E21ABFF53C00251921 /* grayArrow@2x.png */; };
		8642C9321ABFF53C00251921 /* whiteArrow.png in Resources */ = {isa = PBXBuildFile; fileRef = 8642C8E31ABFF53C00251921 /* whiteArrow.png */; };
		8642C9331ABFF53C00251921 /* whiteArrow@2x.png in Resources */ = {isa = PBXBuildFile; fileRef = 8642C8E41ABFF53C00251921 /* whiteArrow@2x.png */; };
		8642C9341ABFF53C00251921 /* NSObject+SBJson.m in Sources */ = {isa = PBXBuildFile; fileRef = 8642C8E81ABFF53C00251921 /* NSObject+SBJson.m */; };
		8642C9351ABFF53C00251921 /* SBJsonParser.m in Sources */ = {isa = PBXBuildFile; fileRef = 8642C8EB1ABFF53C00251921 /* SBJsonParser.m */; };
		8642C9361ABFF53C00251921 /* SBJsonStreamParser.m in Sources */ = {isa = PBXBuildFile; fileRef = 8642C8ED1ABFF53C00251921 /* SBJsonStreamParser.m */; };
		8642C9371ABFF53C00251921 /* SBJsonStreamParserAccumulator.m in Sources */ = {isa = PBXBuildFile; fileRef = 8642C8EF1ABFF53C00251921 /* SBJsonStreamParserAccumulator.m */; };
		8642C9381ABFF53C00251921 /* SBJsonStreamParserAdapter.m in Sources */ = {isa = PBXBuildFile; fileRef = 8642C8F11ABFF53C00251921 /* SBJsonStreamParserAdapter.m */; };
		8642C9391ABFF53C00251921 /* SBJsonStreamParserState.m in Sources */ = {isa = PBXBuildFile; fileRef = 8642C8F31ABFF53C00251921 /* SBJsonStreamParserState.m */; };
		8642C93A1ABFF53C00251921 /* SBJsonStreamWriter.m in Sources */ = {isa = PBXBuildFile; fileRef = 8642C8F51ABFF53C00251921 /* SBJsonStreamWriter.m */; };
		8642C93B1ABFF53C00251921 /* SBJsonStreamWriterAccumulator.m in Sources */ = {isa = PBXBuildFile; fileRef = 8642C8F71ABFF53C00251921 /* SBJsonStreamWriterAccumulator.m */; };
		8642C93C1ABFF53C00251921 /* SBJsonStreamWriterState.m in Sources */ = {isa = PBXBuildFile; fileRef = 8642C8F91ABFF53C00251921 /* SBJsonStreamWriterState.m */; };
		8642C93D1ABFF53C00251921 /* SBJsonTokeniser.m in Sources */ = {isa = PBXBuildFile; fileRef = 8642C8FB1ABFF53C00251921 /* SBJsonTokeniser.m */; };
		8642C93E1ABFF53C00251921 /* SBJsonUTF8Stream.m in Sources */ = {isa = PBXBuildFile; fileRef = 8642C8FD1ABFF53C00251921 /* SBJsonUTF8Stream.m */; };
		8642C93F1ABFF53C00251921 /* SBJsonWriter.m in Sources */ = {isa = PBXBuildFile; fileRef = 8642C8FF1ABFF53C00251921 /* SBJsonWriter.m */; };
		8642C9401ABFF53C00251921 /* MKAnnotationView+WebCache.m in Sources */ = {isa = PBXBuildFile; fileRef = 8642C9021ABFF53C00251921 /* MKAnnotationView+WebCache.m */; };
		8642C9411ABFF53C00251921 /* NSData+ImageContentType.m in Sources */ = {isa = PBXBuildFile; fileRef = 8642C9041ABFF53C00251921 /* NSData+ImageContentType.m */; };
		8642C9421ABFF53C00251921 /* SDImageCache.m in Sources */ = {isa = PBXBuildFile; fileRef = 8642C9061ABFF53C00251921 /* SDImageCache.m */; };
		8642C9431ABFF53C00251921 /* SDWebImageCompat.m in Sources */ = {isa = PBXBuildFile; fileRef = 8642C9081ABFF53C00251921 /* SDWebImageCompat.m */; };
		8642C9441ABFF53C00251921 /* SDWebImageDecoder.m in Sources */ = {isa = PBXBuildFile; fileRef = 8642C90A1ABFF53C00251921 /* SDWebImageDecoder.m */; };
		8642C9451ABFF53C00251921 /* SDWebImageDownloader.m in Sources */ = {isa = PBXBuildFile; fileRef = 8642C90C1ABFF53C00251921 /* SDWebImageDownloader.m */; };
		8642C9461ABFF53C00251921 /* SDWebImageDownloaderOperation.m in Sources */ = {isa = PBXBuildFile; fileRef = 8642C90E1ABFF53C00251921 /* SDWebImageDownloaderOperation.m */; };
		8642C9471ABFF53C00251921 /* SDWebImageManager.m in Sources */ = {isa = PBXBuildFile; fileRef = 8642C9101ABFF53C00251921 /* SDWebImageManager.m */; };
		8642C9481ABFF53C00251921 /* SDWebImagePrefetcher.m in Sources */ = {isa = PBXBuildFile; fileRef = 8642C9131ABFF53C00251921 /* SDWebImagePrefetcher.m */; };
		8642C9491ABFF53C00251921 /* UIButton+WebCache.m in Sources */ = {isa = PBXBuildFile; fileRef = 8642C9151ABFF53C00251921 /* UIButton+WebCache.m */; };
		8642C94A1ABFF53C00251921 /* UIImage+GIF.m in Sources */ = {isa = PBXBuildFile; fileRef = 8642C9171ABFF53C00251921 /* UIImage+GIF.m */; };
		8642C94B1ABFF53C00251921 /* UIImage+MultiFormat.m in Sources */ = {isa = PBXBuildFile; fileRef = 8642C9191ABFF53C00251921 /* UIImage+MultiFormat.m */; };
		8642C94C1ABFF53C00251921 /* UIImage+WebP.m in Sources */ = {isa = PBXBuildFile; fileRef = 8642C91B1ABFF53C00251921 /* UIImage+WebP.m */; };
		8642C94D1ABFF53C00251921 /* UIImageView+HighlightedWebCache.m in Sources */ = {isa = PBXBuildFile; fileRef = 8642C91D1ABFF53C00251921 /* UIImageView+HighlightedWebCache.m */; };
		8642C94E1ABFF53C00251921 /* UIImageView+WebCache.m in Sources */ = {isa = PBXBuildFile; fileRef = 8642C91F1ABFF53C00251921 /* UIImageView+WebCache.m */; };
		8642C94F1ABFF53C00251921 /* UIView+WebCacheOperation.m in Sources */ = {isa = PBXBuildFile; fileRef = 8642C9211ABFF53C00251921 /* UIView+WebCacheOperation.m */; };
		8642C9531ABFF54C00251921 /* LCNavigationbar.m in Sources */ = {isa = PBXBuildFile; fileRef = 8642C9521ABFF54C00251921 /* LCNavigationbar.m */; };
		8642C95D1ABFF55800251921 /* HomePageVC.m in Sources */ = {isa = PBXBuildFile; fileRef = 8642C9571ABFF55800251921 /* HomePageVC.m */; };
		8642C95E1ABFF55800251921 /* NurseListMainVC.m in Sources */ = {isa = PBXBuildFile; fileRef = 8642C95A1ABFF55800251921 /* NurseListMainVC.m */; };
		8642C9641ABFF56500251921 /* RootViewController.m in Sources */ = {isa = PBXBuildFile; fileRef = 8642C9601ABFF56500251921 /* RootViewController.m */; };
		8642C9651ABFF56500251921 /* LCBaseVC.m in Sources */ = {isa = PBXBuildFile; fileRef = 8642C9621ABFF56500251921 /* LCBaseVC.m */; };
		8642C9A31AC0283E00251921 /* LCNetWorkBase.m in Sources */ = {isa = PBXBuildFile; fileRef = 8642C99E1AC0283E00251921 /* LCNetWorkBase.m */; };
		8642C9A41AC0283E00251921 /* NSString+MD5.m in Sources */ = {isa = PBXBuildFile; fileRef = 8642C9A01AC0283E00251921 /* NSString+MD5.m */; };
		8642C9A51AC0283E00251921 /* ProjectDefine.m in Sources */ = {isa = PBXBuildFile; fileRef = 8642C9A21AC0283E00251921 /* ProjectDefine.m */; };
		8642C9A81AC04F3A00251921 /* UserModel.m in Sources */ = {isa = PBXBuildFile; fileRef = 8642C9A71AC04F3A00251921 /* UserModel.m */; };
		8642C9AB1AC25F9200251921 /* LCMenuViewController.m in Sources */ = {isa = PBXBuildFile; fileRef = 8642C9AA1AC25F9200251921 /* LCMenuViewController.m */; };
		8642C9B11AC2872400251921 /* SliderViewController.m in Sources */ = {isa = PBXBuildFile; fileRef = 8642C9B01AC2872400251921 /* SliderViewController.m */; };
		8642C9B61AC2956000251921 /* MenuTableViewCell.m in Sources */ = {isa = PBXBuildFile; fileRef = 8642C9B51AC2956000251921 /* MenuTableViewCell.m */; };
		8642C9BC1AC2A8D100251921 /* main_1@2x.png in Resources */ = {isa = PBXBuildFile; fileRef = 8642C9BB1AC2A8D100251921 /* main_1@2x.png */; };
		8642C9BE1AC2A8E600251921 /* btn_right.png in Resources */ = {isa = PBXBuildFile; fileRef = 8642C9BD1AC2A8E600251921 /* btn_right.png */; };
		8642C9C11AC3A6E200251921 /* MessageInfoListVC.m in Sources */ = {isa = PBXBuildFile; fileRef = 8642C9C01AC3A6E200251921 /* MessageInfoListVC.m */; };
		8642C9C31AC3B43600251921 /* image-1.png in Resources */ = {isa = PBXBuildFile; fileRef = 8642C9C21AC3B43600251921 /* image-1.png */; };
		8642C9C51AC3B83900251921 /* navBg@2x.png in Resources */ = {isa = PBXBuildFile; fileRef = 8642C9C41AC3B83900251921 /* navBg@2x.png */; };
		8642C9CA1AC3CFB800251921 /* NurseListInfoModel.m in Sources */ = {isa = PBXBuildFile; fileRef = 8642C9C91AC3CFB800251921 /* NurseListInfoModel.m */; };
		8642C9CD1AC3E99600251921 /* NurseDetailInfoVC.m in Sources */ = {isa = PBXBuildFile; fileRef = 8642C9CC1AC3E99600251921 /* NurseDetailInfoVC.m */; };
		8642C9D01AC4037600251921 /* MessageInfoTableViewCell.m in Sources */ = {isa = PBXBuildFile; fileRef = 8642C9CF1AC4037600251921 /* MessageInfoTableViewCell.m */; };
		8642C9D71AC428DF00251921 /* MessageListModel.m in Sources */ = {isa = PBXBuildFile; fileRef = 8642C9D61AC428DF00251921 /* MessageListModel.m */; };
		CFA5B5091AC01D3900D49415 /* EGORefreshTableHeaderView.m in Sources */ = {isa = PBXBuildFile; fileRef = CFA5B5021AC01D3900D49415 /* EGORefreshTableHeaderView.m */; settings = {COMPILER_FLAGS = "-fno-objc-arc"; }; };
		CFA5B50A1AC01D3900D49415 /* LoadMoreTableFooterView.m in Sources */ = {isa = PBXBuildFile; fileRef = CFA5B5041AC01D3900D49415 /* LoadMoreTableFooterView.m */; settings = {COMPILER_FLAGS = "-fno-objc-arc"; }; };
		CFA5B50B1AC01D3900D49415 /* MessageInterceptor.m in Sources */ = {isa = PBXBuildFile; fileRef = CFA5B5061AC01D3900D49415 /* MessageInterceptor.m */; settings = {COMPILER_FLAGS = "-fno-objc-arc"; }; };
		CFA5B50C1AC01D3900D49415 /* PullTableView.m in Sources */ = {isa = PBXBuildFile; fileRef = CFA5B5081AC01D3900D49415 /* PullTableView.m */; settings = {COMPILER_FLAGS = "-fno-objc-arc"; }; };
		CFAFA3AF1ABFEC8C0020E774 /* main.m in Sources */ = {isa = PBXBuildFile; fileRef = CFAFA3AE1ABFEC8C0020E774 /* main.m */; };
		CFAFA3B21ABFEC8C0020E774 /* AppDelegate.m in Sources */ = {isa = PBXBuildFile; fileRef = CFAFA3B11ABFEC8C0020E774 /* AppDelegate.m */; };
		CFAFA3BA1ABFEC8C0020E774 /* Images.xcassets in Resources */ = {isa = PBXBuildFile; fileRef = CFAFA3B91ABFEC8C0020E774 /* Images.xcassets */; };
		CFAFA3C91ABFEC8C0020E774 /* SpringCareTests.m in Sources */ = {isa = PBXBuildFile; fileRef = CFAFA3C81ABFEC8C0020E774 /* SpringCareTests.m */; };
/* End PBXBuildFile section */

/* Begin PBXContainerItemProxy section */
		CFAFA3C31ABFEC8C0020E774 /* PBXContainerItemProxy */ = {
			isa = PBXContainerItemProxy;
			containerPortal = CFAFA3A11ABFEC8C0020E774 /* Project object */;
			proxyType = 1;
			remoteGlobalIDString = CFAFA3A81ABFEC8C0020E774;
			remoteInfo = SpringCare;
		};
/* End PBXContainerItemProxy section */

/* Begin PBXFileReference section */
		8367BA91FD77FFAC9DB3F4F7 /* Pods-SpringCare.release.xcconfig */ = {isa = PBXFileReference; includeInIndex = 1; lastKnownFileType = text.xcconfig; name = "Pods-SpringCare.release.xcconfig"; path = "Pods/Target Support Files/Pods-SpringCare/Pods-SpringCare.release.xcconfig"; sourceTree = "<group>"; };
		8642C8BB1ABFF4D300251921 /* LCRefreshTableVC.h */ = {isa = PBXFileReference; fileEncoding = 4; lastKnownFileType = sourcecode.c.h; path = LCRefreshTableVC.h; sourceTree = "<group>"; };
		8642C8BC1ABFF4D300251921 /* LCRefreshTableVC.m */ = {isa = PBXFileReference; fileEncoding = 4; lastKnownFileType = sourcecode.c.objc; path = LCRefreshTableVC.m; sourceTree = "<group>"; };
		8642C8DD1ABFF53C00251921 /* blackArrow.png */ = {isa = PBXFileReference; lastKnownFileType = image.png; path = blackArrow.png; sourceTree = "<group>"; };
		8642C8DE1ABFF53C00251921 /* blackArrow@2x.png */ = {isa = PBXFileReference; lastKnownFileType = image.png; path = "blackArrow@2x.png"; sourceTree = "<group>"; };
		8642C8DF1ABFF53C00251921 /* blueArrow.png */ = {isa = PBXFileReference; lastKnownFileType = image.png; path = blueArrow.png; sourceTree = "<group>"; };
		8642C8E01ABFF53C00251921 /* blueArrow@2x.png */ = {isa = PBXFileReference; lastKnownFileType = image.png; path = "blueArrow@2x.png"; sourceTree = "<group>"; };
		8642C8E11ABFF53C00251921 /* grayArrow.png */ = {isa = PBXFileReference; lastKnownFileType = image.png; path = grayArrow.png; sourceTree = "<group>"; };
		8642C8E21ABFF53C00251921 /* grayArrow@2x.png */ = {isa = PBXFileReference; lastKnownFileType = image.png; path = "grayArrow@2x.png"; sourceTree = "<group>"; };
		8642C8E31ABFF53C00251921 /* whiteArrow.png */ = {isa = PBXFileReference; lastKnownFileType = image.png; path = whiteArrow.png; sourceTree = "<group>"; };
		8642C8E41ABFF53C00251921 /* whiteArrow@2x.png */ = {isa = PBXFileReference; lastKnownFileType = image.png; path = "whiteArrow@2x.png"; sourceTree = "<group>"; };
		8642C8E71ABFF53C00251921 /* NSObject+SBJson.h */ = {isa = PBXFileReference; fileEncoding = 4; lastKnownFileType = sourcecode.c.h; path = "NSObject+SBJson.h"; sourceTree = "<group>"; };
		8642C8E81ABFF53C00251921 /* NSObject+SBJson.m */ = {isa = PBXFileReference; fileEncoding = 4; lastKnownFileType = sourcecode.c.objc; path = "NSObject+SBJson.m"; sourceTree = "<group>"; };
		8642C8E91ABFF53C00251921 /* SBJson.h */ = {isa = PBXFileReference; fileEncoding = 4; lastKnownFileType = sourcecode.c.h; path = SBJson.h; sourceTree = "<group>"; };
		8642C8EA1ABFF53C00251921 /* SBJsonParser.h */ = {isa = PBXFileReference; fileEncoding = 4; lastKnownFileType = sourcecode.c.h; path = SBJsonParser.h; sourceTree = "<group>"; };
		8642C8EB1ABFF53C00251921 /* SBJsonParser.m */ = {isa = PBXFileReference; fileEncoding = 4; lastKnownFileType = sourcecode.c.objc; path = SBJsonParser.m; sourceTree = "<group>"; };
		8642C8EC1ABFF53C00251921 /* SBJsonStreamParser.h */ = {isa = PBXFileReference; fileEncoding = 4; lastKnownFileType = sourcecode.c.h; path = SBJsonStreamParser.h; sourceTree = "<group>"; };
		8642C8ED1ABFF53C00251921 /* SBJsonStreamParser.m */ = {isa = PBXFileReference; fileEncoding = 4; lastKnownFileType = sourcecode.c.objc; path = SBJsonStreamParser.m; sourceTree = "<group>"; };
		8642C8EE1ABFF53C00251921 /* SBJsonStreamParserAccumulator.h */ = {isa = PBXFileReference; fileEncoding = 4; lastKnownFileType = sourcecode.c.h; path = SBJsonStreamParserAccumulator.h; sourceTree = "<group>"; };
		8642C8EF1ABFF53C00251921 /* SBJsonStreamParserAccumulator.m */ = {isa = PBXFileReference; fileEncoding = 4; lastKnownFileType = sourcecode.c.objc; path = SBJsonStreamParserAccumulator.m; sourceTree = "<group>"; };
		8642C8F01ABFF53C00251921 /* SBJsonStreamParserAdapter.h */ = {isa = PBXFileReference; fileEncoding = 4; lastKnownFileType = sourcecode.c.h; path = SBJsonStreamParserAdapter.h; sourceTree = "<group>"; };
		8642C8F11ABFF53C00251921 /* SBJsonStreamParserAdapter.m */ = {isa = PBXFileReference; fileEncoding = 4; lastKnownFileType = sourcecode.c.objc; path = SBJsonStreamParserAdapter.m; sourceTree = "<group>"; };
		8642C8F21ABFF53C00251921 /* SBJsonStreamParserState.h */ = {isa = PBXFileReference; fileEncoding = 4; lastKnownFileType = sourcecode.c.h; path = SBJsonStreamParserState.h; sourceTree = "<group>"; };
		8642C8F31ABFF53C00251921 /* SBJsonStreamParserState.m */ = {isa = PBXFileReference; fileEncoding = 4; lastKnownFileType = sourcecode.c.objc; path = SBJsonStreamParserState.m; sourceTree = "<group>"; };
		8642C8F41ABFF53C00251921 /* SBJsonStreamWriter.h */ = {isa = PBXFileReference; fileEncoding = 4; lastKnownFileType = sourcecode.c.h; path = SBJsonStreamWriter.h; sourceTree = "<group>"; };
		8642C8F51ABFF53C00251921 /* SBJsonStreamWriter.m */ = {isa = PBXFileReference; fileEncoding = 4; lastKnownFileType = sourcecode.c.objc; path = SBJsonStreamWriter.m; sourceTree = "<group>"; };
		8642C8F61ABFF53C00251921 /* SBJsonStreamWriterAccumulator.h */ = {isa = PBXFileReference; fileEncoding = 4; lastKnownFileType = sourcecode.c.h; path = SBJsonStreamWriterAccumulator.h; sourceTree = "<group>"; };
		8642C8F71ABFF53C00251921 /* SBJsonStreamWriterAccumulator.m */ = {isa = PBXFileReference; fileEncoding = 4; lastKnownFileType = sourcecode.c.objc; path = SBJsonStreamWriterAccumulator.m; sourceTree = "<group>"; };
		8642C8F81ABFF53C00251921 /* SBJsonStreamWriterState.h */ = {isa = PBXFileReference; fileEncoding = 4; lastKnownFileType = sourcecode.c.h; path = SBJsonStreamWriterState.h; sourceTree = "<group>"; };
		8642C8F91ABFF53C00251921 /* SBJsonStreamWriterState.m */ = {isa = PBXFileReference; fileEncoding = 4; lastKnownFileType = sourcecode.c.objc; path = SBJsonStreamWriterState.m; sourceTree = "<group>"; };
		8642C8FA1ABFF53C00251921 /* SBJsonTokeniser.h */ = {isa = PBXFileReference; fileEncoding = 4; lastKnownFileType = sourcecode.c.h; path = SBJsonTokeniser.h; sourceTree = "<group>"; };
		8642C8FB1ABFF53C00251921 /* SBJsonTokeniser.m */ = {isa = PBXFileReference; fileEncoding = 4; lastKnownFileType = sourcecode.c.objc; path = SBJsonTokeniser.m; sourceTree = "<group>"; };
		8642C8FC1ABFF53C00251921 /* SBJsonUTF8Stream.h */ = {isa = PBXFileReference; fileEncoding = 4; lastKnownFileType = sourcecode.c.h; path = SBJsonUTF8Stream.h; sourceTree = "<group>"; };
		8642C8FD1ABFF53C00251921 /* SBJsonUTF8Stream.m */ = {isa = PBXFileReference; fileEncoding = 4; lastKnownFileType = sourcecode.c.objc; path = SBJsonUTF8Stream.m; sourceTree = "<group>"; };
		8642C8FE1ABFF53C00251921 /* SBJsonWriter.h */ = {isa = PBXFileReference; fileEncoding = 4; lastKnownFileType = sourcecode.c.h; path = SBJsonWriter.h; sourceTree = "<group>"; };
		8642C8FF1ABFF53C00251921 /* SBJsonWriter.m */ = {isa = PBXFileReference; fileEncoding = 4; lastKnownFileType = sourcecode.c.objc; path = SBJsonWriter.m; sourceTree = "<group>"; };
		8642C9011ABFF53C00251921 /* MKAnnotationView+WebCache.h */ = {isa = PBXFileReference; fileEncoding = 4; lastKnownFileType = sourcecode.c.h; path = "MKAnnotationView+WebCache.h"; sourceTree = "<group>"; };
		8642C9021ABFF53C00251921 /* MKAnnotationView+WebCache.m */ = {isa = PBXFileReference; fileEncoding = 4; lastKnownFileType = sourcecode.c.objc; path = "MKAnnotationView+WebCache.m"; sourceTree = "<group>"; };
		8642C9031ABFF53C00251921 /* NSData+ImageContentType.h */ = {isa = PBXFileReference; fileEncoding = 4; lastKnownFileType = sourcecode.c.h; path = "NSData+ImageContentType.h"; sourceTree = "<group>"; };
		8642C9041ABFF53C00251921 /* NSData+ImageContentType.m */ = {isa = PBXFileReference; fileEncoding = 4; lastKnownFileType = sourcecode.c.objc; path = "NSData+ImageContentType.m"; sourceTree = "<group>"; };
		8642C9051ABFF53C00251921 /* SDImageCache.h */ = {isa = PBXFileReference; fileEncoding = 4; lastKnownFileType = sourcecode.c.h; path = SDImageCache.h; sourceTree = "<group>"; };
		8642C9061ABFF53C00251921 /* SDImageCache.m */ = {isa = PBXFileReference; fileEncoding = 4; lastKnownFileType = sourcecode.c.objc; path = SDImageCache.m; sourceTree = "<group>"; };
		8642C9071ABFF53C00251921 /* SDWebImageCompat.h */ = {isa = PBXFileReference; fileEncoding = 4; lastKnownFileType = sourcecode.c.h; path = SDWebImageCompat.h; sourceTree = "<group>"; };
		8642C9081ABFF53C00251921 /* SDWebImageCompat.m */ = {isa = PBXFileReference; fileEncoding = 4; lastKnownFileType = sourcecode.c.objc; path = SDWebImageCompat.m; sourceTree = "<group>"; };
		8642C9091ABFF53C00251921 /* SDWebImageDecoder.h */ = {isa = PBXFileReference; fileEncoding = 4; lastKnownFileType = sourcecode.c.h; path = SDWebImageDecoder.h; sourceTree = "<group>"; };
		8642C90A1ABFF53C00251921 /* SDWebImageDecoder.m */ = {isa = PBXFileReference; fileEncoding = 4; lastKnownFileType = sourcecode.c.objc; path = SDWebImageDecoder.m; sourceTree = "<group>"; };
		8642C90B1ABFF53C00251921 /* SDWebImageDownloader.h */ = {isa = PBXFileReference; fileEncoding = 4; lastKnownFileType = sourcecode.c.h; path = SDWebImageDownloader.h; sourceTree = "<group>"; };
		8642C90C1ABFF53C00251921 /* SDWebImageDownloader.m */ = {isa = PBXFileReference; fileEncoding = 4; lastKnownFileType = sourcecode.c.objc; path = SDWebImageDownloader.m; sourceTree = "<group>"; };
		8642C90D1ABFF53C00251921 /* SDWebImageDownloaderOperation.h */ = {isa = PBXFileReference; fileEncoding = 4; lastKnownFileType = sourcecode.c.h; path = SDWebImageDownloaderOperation.h; sourceTree = "<group>"; };
		8642C90E1ABFF53C00251921 /* SDWebImageDownloaderOperation.m */ = {isa = PBXFileReference; fileEncoding = 4; lastKnownFileType = sourcecode.c.objc; path = SDWebImageDownloaderOperation.m; sourceTree = "<group>"; };
		8642C90F1ABFF53C00251921 /* SDWebImageManager.h */ = {isa = PBXFileReference; fileEncoding = 4; lastKnownFileType = sourcecode.c.h; path = SDWebImageManager.h; sourceTree = "<group>"; };
		8642C9101ABFF53C00251921 /* SDWebImageManager.m */ = {isa = PBXFileReference; fileEncoding = 4; lastKnownFileType = sourcecode.c.objc; path = SDWebImageManager.m; sourceTree = "<group>"; };
		8642C9111ABFF53C00251921 /* SDWebImageOperation.h */ = {isa = PBXFileReference; fileEncoding = 4; lastKnownFileType = sourcecode.c.h; path = SDWebImageOperation.h; sourceTree = "<group>"; };
		8642C9121ABFF53C00251921 /* SDWebImagePrefetcher.h */ = {isa = PBXFileReference; fileEncoding = 4; lastKnownFileType = sourcecode.c.h; path = SDWebImagePrefetcher.h; sourceTree = "<group>"; };
		8642C9131ABFF53C00251921 /* SDWebImagePrefetcher.m */ = {isa = PBXFileReference; fileEncoding = 4; lastKnownFileType = sourcecode.c.objc; path = SDWebImagePrefetcher.m; sourceTree = "<group>"; };
		8642C9141ABFF53C00251921 /* UIButton+WebCache.h */ = {isa = PBXFileReference; fileEncoding = 4; lastKnownFileType = sourcecode.c.h; path = "UIButton+WebCache.h"; sourceTree = "<group>"; };
		8642C9151ABFF53C00251921 /* UIButton+WebCache.m */ = {isa = PBXFileReference; fileEncoding = 4; lastKnownFileType = sourcecode.c.objc; path = "UIButton+WebCache.m"; sourceTree = "<group>"; };
		8642C9161ABFF53C00251921 /* UIImage+GIF.h */ = {isa = PBXFileReference; fileEncoding = 4; lastKnownFileType = sourcecode.c.h; path = "UIImage+GIF.h"; sourceTree = "<group>"; };
		8642C9171ABFF53C00251921 /* UIImage+GIF.m */ = {isa = PBXFileReference; fileEncoding = 4; lastKnownFileType = sourcecode.c.objc; path = "UIImage+GIF.m"; sourceTree = "<group>"; };
		8642C9181ABFF53C00251921 /* UIImage+MultiFormat.h */ = {isa = PBXFileReference; fileEncoding = 4; lastKnownFileType = sourcecode.c.h; path = "UIImage+MultiFormat.h"; sourceTree = "<group>"; };
		8642C9191ABFF53C00251921 /* UIImage+MultiFormat.m */ = {isa = PBXFileReference; fileEncoding = 4; lastKnownFileType = sourcecode.c.objc; path = "UIImage+MultiFormat.m"; sourceTree = "<group>"; };
		8642C91A1ABFF53C00251921 /* UIImage+WebP.h */ = {isa = PBXFileReference; fileEncoding = 4; lastKnownFileType = sourcecode.c.h; path = "UIImage+WebP.h"; sourceTree = "<group>"; };
		8642C91B1ABFF53C00251921 /* UIImage+WebP.m */ = {isa = PBXFileReference; fileEncoding = 4; lastKnownFileType = sourcecode.c.objc; path = "UIImage+WebP.m"; sourceTree = "<group>"; };
		8642C91C1ABFF53C00251921 /* UIImageView+HighlightedWebCache.h */ = {isa = PBXFileReference; fileEncoding = 4; lastKnownFileType = sourcecode.c.h; path = "UIImageView+HighlightedWebCache.h"; sourceTree = "<group>"; };
		8642C91D1ABFF53C00251921 /* UIImageView+HighlightedWebCache.m */ = {isa = PBXFileReference; fileEncoding = 4; lastKnownFileType = sourcecode.c.objc; path = "UIImageView+HighlightedWebCache.m"; sourceTree = "<group>"; };
		8642C91E1ABFF53C00251921 /* UIImageView+WebCache.h */ = {isa = PBXFileReference; fileEncoding = 4; lastKnownFileType = sourcecode.c.h; path = "UIImageView+WebCache.h"; sourceTree = "<group>"; };
		8642C91F1ABFF53C00251921 /* UIImageView+WebCache.m */ = {isa = PBXFileReference; fileEncoding = 4; lastKnownFileType = sourcecode.c.objc; path = "UIImageView+WebCache.m"; sourceTree = "<group>"; };
		8642C9201ABFF53C00251921 /* UIView+WebCacheOperation.h */ = {isa = PBXFileReference; fileEncoding = 4; lastKnownFileType = sourcecode.c.h; path = "UIView+WebCacheOperation.h"; sourceTree = "<group>"; };
		8642C9211ABFF53C00251921 /* UIView+WebCacheOperation.m */ = {isa = PBXFileReference; fileEncoding = 4; lastKnownFileType = sourcecode.c.objc; path = "UIView+WebCacheOperation.m"; sourceTree = "<group>"; };
		8642C9511ABFF54C00251921 /* LCNavigationbar.h */ = {isa = PBXFileReference; fileEncoding = 4; lastKnownFileType = sourcecode.c.h; path = LCNavigationbar.h; sourceTree = "<group>"; };
		8642C9521ABFF54C00251921 /* LCNavigationbar.m */ = {isa = PBXFileReference; fileEncoding = 4; lastKnownFileType = sourcecode.c.objc; path = LCNavigationbar.m; sourceTree = "<group>"; };
		8642C9561ABFF55800251921 /* HomePageVC.h */ = {isa = PBXFileReference; fileEncoding = 4; lastKnownFileType = sourcecode.c.h; path = HomePageVC.h; sourceTree = "<group>"; };
		8642C9571ABFF55800251921 /* HomePageVC.m */ = {isa = PBXFileReference; fileEncoding = 4; lastKnownFileType = sourcecode.c.objc; path = HomePageVC.m; sourceTree = "<group>"; };
		8642C9591ABFF55800251921 /* NurseListMainVC.h */ = {isa = PBXFileReference; fileEncoding = 4; lastKnownFileType = sourcecode.c.h; path = NurseListMainVC.h; sourceTree = "<group>"; };
		8642C95A1ABFF55800251921 /* NurseListMainVC.m */ = {isa = PBXFileReference; fileEncoding = 4; lastKnownFileType = sourcecode.c.objc; path = NurseListMainVC.m; sourceTree = "<group>"; };
		8642C95F1ABFF56500251921 /* RootViewController.h */ = {isa = PBXFileReference; fileEncoding = 4; lastKnownFileType = sourcecode.c.h; path = RootViewController.h; sourceTree = "<group>"; };
		8642C9601ABFF56500251921 /* RootViewController.m */ = {isa = PBXFileReference; fileEncoding = 4; lastKnownFileType = sourcecode.c.objc; path = RootViewController.m; sourceTree = "<group>"; };
		8642C9611ABFF56500251921 /* LCBaseVC.h */ = {isa = PBXFileReference; fileEncoding = 4; lastKnownFileType = sourcecode.c.h; path = LCBaseVC.h; sourceTree = "<group>"; };
		8642C9621ABFF56500251921 /* LCBaseVC.m */ = {isa = PBXFileReference; fileEncoding = 4; lastKnownFileType = sourcecode.c.objc; path = LCBaseVC.m; sourceTree = "<group>"; };
		8642C9631ABFF56500251921 /* define.h */ = {isa = PBXFileReference; fileEncoding = 4; lastKnownFileType = sourcecode.c.h; path = define.h; sourceTree = "<group>"; };
		8642C99D1AC0283E00251921 /* LCNetWorkBase.h */ = {isa = PBXFileReference; fileEncoding = 4; lastKnownFileType = sourcecode.c.h; path = LCNetWorkBase.h; sourceTree = "<group>"; };
		8642C99E1AC0283E00251921 /* LCNetWorkBase.m */ = {isa = PBXFileReference; fileEncoding = 4; lastKnownFileType = sourcecode.c.objc; path = LCNetWorkBase.m; sourceTree = "<group>"; };
		8642C99F1AC0283E00251921 /* NSString+MD5.h */ = {isa = PBXFileReference; fileEncoding = 4; lastKnownFileType = sourcecode.c.h; path = "NSString+MD5.h"; sourceTree = "<group>"; };
		8642C9A01AC0283E00251921 /* NSString+MD5.m */ = {isa = PBXFileReference; fileEncoding = 4; lastKnownFileType = sourcecode.c.objc; path = "NSString+MD5.m"; sourceTree = "<group>"; };
		8642C9A11AC0283E00251921 /* ProjectDefine.h */ = {isa = PBXFileReference; fileEncoding = 4; lastKnownFileType = sourcecode.c.h; path = ProjectDefine.h; sourceTree = "<group>"; };
		8642C9A21AC0283E00251921 /* ProjectDefine.m */ = {isa = PBXFileReference; fileEncoding = 4; lastKnownFileType = sourcecode.c.objc; path = ProjectDefine.m; sourceTree = "<group>"; };
		8642C9A61AC04F3A00251921 /* UserModel.h */ = {isa = PBXFileReference; fileEncoding = 4; lastKnownFileType = sourcecode.c.h; path = UserModel.h; sourceTree = "<group>"; };
		8642C9A71AC04F3A00251921 /* UserModel.m */ = {isa = PBXFileReference; fileEncoding = 4; lastKnownFileType = sourcecode.c.objc; path = UserModel.m; sourceTree = "<group>"; };
		8642C9A91AC25F9200251921 /* LCMenuViewController.h */ = {isa = PBXFileReference; fileEncoding = 4; lastKnownFileType = sourcecode.c.h; name = LCMenuViewController.h; path = ../../Base/LCMenuViewController.h; sourceTree = "<group>"; };
		8642C9AA1AC25F9200251921 /* LCMenuViewController.m */ = {isa = PBXFileReference; fileEncoding = 4; lastKnownFileType = sourcecode.c.objc; name = LCMenuViewController.m; path = ../../Base/LCMenuViewController.m; sourceTree = "<group>"; };
		8642C9AF1AC2872400251921 /* SliderViewController.h */ = {isa = PBXFileReference; fileEncoding = 4; lastKnownFileType = sourcecode.c.h; path = SliderViewController.h; sourceTree = "<group>"; };
		8642C9B01AC2872400251921 /* SliderViewController.m */ = {isa = PBXFileReference; fileEncoding = 4; lastKnownFileType = sourcecode.c.objc; path = SliderViewController.m; sourceTree = "<group>"; };
		8642C9B41AC2956000251921 /* MenuTableViewCell.h */ = {isa = PBXFileReference; fileEncoding = 4; lastKnownFileType = sourcecode.c.h; path = MenuTableViewCell.h; sourceTree = "<group>"; };
		8642C9B51AC2956000251921 /* MenuTableViewCell.m */ = {isa = PBXFileReference; fileEncoding = 4; lastKnownFileType = sourcecode.c.objc; path = MenuTableViewCell.m; sourceTree = "<group>"; };
		8642C9BB1AC2A8D100251921 /* main_1@2x.png */ = {isa = PBXFileReference; lastKnownFileType = image.png; path = "main_1@2x.png"; sourceTree = "<group>"; };
		8642C9BD1AC2A8E600251921 /* btn_right.png */ = {isa = PBXFileReference; lastKnownFileType = image.png; path = btn_right.png; sourceTree = "<group>"; };
		8642C9BF1AC3A6E200251921 /* MessageInfoListVC.h */ = {isa = PBXFileReference; fileEncoding = 4; lastKnownFileType = sourcecode.c.h; path = MessageInfoListVC.h; sourceTree = "<group>"; };
		8642C9C01AC3A6E200251921 /* MessageInfoListVC.m */ = {isa = PBXFileReference; fileEncoding = 4; lastKnownFileType = sourcecode.c.objc; path = MessageInfoListVC.m; sourceTree = "<group>"; };
		8642C9C21AC3B43600251921 /* image-1.png */ = {isa = PBXFileReference; lastKnownFileType = image.png; path = "image-1.png"; sourceTree = "<group>"; };
		8642C9C41AC3B83900251921 /* navBg@2x.png */ = {isa = PBXFileReference; lastKnownFileType = image.png; path = "navBg@2x.png"; sourceTree = "<group>"; };
		8642C9C81AC3CFB800251921 /* NurseListInfoModel.h */ = {isa = PBXFileReference; fileEncoding = 4; lastKnownFileType = sourcecode.c.h; path = NurseListInfoModel.h; sourceTree = "<group>"; };
		8642C9C91AC3CFB800251921 /* NurseListInfoModel.m */ = {isa = PBXFileReference; fileEncoding = 4; lastKnownFileType = sourcecode.c.objc; path = NurseListInfoModel.m; sourceTree = "<group>"; };
		8642C9CB1AC3E99600251921 /* NurseDetailInfoVC.h */ = {isa = PBXFileReference; fileEncoding = 4; lastKnownFileType = sourcecode.c.h; path = NurseDetailInfoVC.h; sourceTree = "<group>"; };
		8642C9CC1AC3E99600251921 /* NurseDetailInfoVC.m */ = {isa = PBXFileReference; fileEncoding = 4; lastKnownFileType = sourcecode.c.objc; path = NurseDetailInfoVC.m; sourceTree = "<group>"; };
		8642C9CE1AC4037600251921 /* MessageInfoTableViewCell.h */ = {isa = PBXFileReference; fileEncoding = 4; lastKnownFileType = sourcecode.c.h; path = MessageInfoTableViewCell.h; sourceTree = "<group>"; };
		8642C9CF1AC4037600251921 /* MessageInfoTableViewCell.m */ = {isa = PBXFileReference; fileEncoding = 4; lastKnownFileType = sourcecode.c.objc; path = MessageInfoTableViewCell.m; sourceTree = "<group>"; };
		8642C9D51AC428DF00251921 /* MessageListModel.h */ = {isa = PBXFileReference; fileEncoding = 4; lastKnownFileType = sourcecode.c.h; path = MessageListModel.h; sourceTree = "<group>"; };
		8642C9D61AC428DF00251921 /* MessageListModel.m */ = {isa = PBXFileReference; fileEncoding = 4; lastKnownFileType = sourcecode.c.objc; path = MessageListModel.m; sourceTree = "<group>"; };
		883A92A4E690EB1035842EBD /* Pods-SpringCare.debug.xcconfig */ = {isa = PBXFileReference; includeInIndex = 1; lastKnownFileType = text.xcconfig; name = "Pods-SpringCare.debug.xcconfig"; path = "Pods/Target Support Files/Pods-SpringCare/Pods-SpringCare.debug.xcconfig"; sourceTree = "<group>"; };
		BBBF94160FD6994D54C5FC7A /* libPods-SpringCare.a */ = {isa = PBXFileReference; explicitFileType = archive.ar; includeInIndex = 0; path = "libPods-SpringCare.a"; sourceTree = BUILT_PRODUCTS_DIR; };
		CFA5B5011AC01D3900D49415 /* EGORefreshTableHeaderView.h */ = {isa = PBXFileReference; fileEncoding = 4; lastKnownFileType = sourcecode.c.h; name = EGORefreshTableHeaderView.h; path = SpringCare/Vendor/EGOTableViewPullRefresh/Classes/EGORefreshTableHeaderView.h; sourceTree = SOURCE_ROOT; };
		CFA5B5021AC01D3900D49415 /* EGORefreshTableHeaderView.m */ = {isa = PBXFileReference; fileEncoding = 4; lastKnownFileType = sourcecode.c.objc; name = EGORefreshTableHeaderView.m; path = SpringCare/Vendor/EGOTableViewPullRefresh/Classes/EGORefreshTableHeaderView.m; sourceTree = SOURCE_ROOT; };
		CFA5B5031AC01D3900D49415 /* LoadMoreTableFooterView.h */ = {isa = PBXFileReference; fileEncoding = 4; lastKnownFileType = sourcecode.c.h; name = LoadMoreTableFooterView.h; path = SpringCare/Vendor/EGOTableViewPullRefresh/Classes/LoadMoreTableFooterView.h; sourceTree = SOURCE_ROOT; };
		CFA5B5041AC01D3900D49415 /* LoadMoreTableFooterView.m */ = {isa = PBXFileReference; fileEncoding = 4; lastKnownFileType = sourcecode.c.objc; name = LoadMoreTableFooterView.m; path = SpringCare/Vendor/EGOTableViewPullRefresh/Classes/LoadMoreTableFooterView.m; sourceTree = SOURCE_ROOT; };
		CFA5B5051AC01D3900D49415 /* MessageInterceptor.h */ = {isa = PBXFileReference; fileEncoding = 4; lastKnownFileType = sourcecode.c.h; name = MessageInterceptor.h; path = SpringCare/Vendor/EGOTableViewPullRefresh/Classes/MessageInterceptor.h; sourceTree = SOURCE_ROOT; };
		CFA5B5061AC01D3900D49415 /* MessageInterceptor.m */ = {isa = PBXFileReference; fileEncoding = 4; lastKnownFileType = sourcecode.c.objc; name = MessageInterceptor.m; path = SpringCare/Vendor/EGOTableViewPullRefresh/Classes/MessageInterceptor.m; sourceTree = SOURCE_ROOT; };
		CFA5B5071AC01D3900D49415 /* PullTableView.h */ = {isa = PBXFileReference; fileEncoding = 4; lastKnownFileType = sourcecode.c.h; name = PullTableView.h; path = SpringCare/Vendor/EGOTableViewPullRefresh/Classes/PullTableView.h; sourceTree = SOURCE_ROOT; };
		CFA5B5081AC01D3900D49415 /* PullTableView.m */ = {isa = PBXFileReference; fileEncoding = 4; lastKnownFileType = sourcecode.c.objc; name = PullTableView.m; path = SpringCare/Vendor/EGOTableViewPullRefresh/Classes/PullTableView.m; sourceTree = SOURCE_ROOT; };
		CFAFA3A91ABFEC8C0020E774 /* SpringCare.app */ = {isa = PBXFileReference; explicitFileType = wrapper.application; includeInIndex = 0; path = SpringCare.app; sourceTree = BUILT_PRODUCTS_DIR; };
		CFAFA3AD1ABFEC8C0020E774 /* Info.plist */ = {isa = PBXFileReference; lastKnownFileType = text.plist.xml; path = Info.plist; sourceTree = "<group>"; };
		CFAFA3AE1ABFEC8C0020E774 /* main.m */ = {isa = PBXFileReference; lastKnownFileType = sourcecode.c.objc; path = main.m; sourceTree = "<group>"; };
		CFAFA3B01ABFEC8C0020E774 /* AppDelegate.h */ = {isa = PBXFileReference; lastKnownFileType = sourcecode.c.h; path = AppDelegate.h; sourceTree = "<group>"; };
		CFAFA3B11ABFEC8C0020E774 /* AppDelegate.m */ = {isa = PBXFileReference; lastKnownFileType = sourcecode.c.objc; path = AppDelegate.m; sourceTree = "<group>"; };
		CFAFA3B91ABFEC8C0020E774 /* Images.xcassets */ = {isa = PBXFileReference; lastKnownFileType = folder.assetcatalog; path = Images.xcassets; sourceTree = "<group>"; };
		CFAFA3C21ABFEC8C0020E774 /* SpringCareTests.xctest */ = {isa = PBXFileReference; explicitFileType = wrapper.cfbundle; includeInIndex = 0; path = SpringCareTests.xctest; sourceTree = BUILT_PRODUCTS_DIR; };
		CFAFA3C71ABFEC8C0020E774 /* Info.plist */ = {isa = PBXFileReference; lastKnownFileType = text.plist.xml; path = Info.plist; sourceTree = "<group>"; };
		CFAFA3C81ABFEC8C0020E774 /* SpringCareTests.m */ = {isa = PBXFileReference; lastKnownFileType = sourcecode.c.objc; path = SpringCareTests.m; sourceTree = "<group>"; };
/* End PBXFileReference section */

/* Begin PBXFrameworksBuildPhase section */
		CFAFA3A61ABFEC8C0020E774 /* Frameworks */ = {
			isa = PBXFrameworksBuildPhase;
			buildActionMask = 2147483647;
			files = (
				5EC3CB895631411D3825C780 /* libPods-SpringCare.a in Frameworks */,
			);
			runOnlyForDeploymentPostprocessing = 0;
		};
		CFAFA3BF1ABFEC8C0020E774 /* Frameworks */ = {
			isa = PBXFrameworksBuildPhase;
			buildActionMask = 2147483647;
			files = (
			);
			runOnlyForDeploymentPostprocessing = 0;
		};
/* End PBXFrameworksBuildPhase section */

/* Begin PBXGroup section */
		4109544DAFCCBD7007016F50 /* Pods */ = {
			isa = PBXGroup;
			children = (
				883A92A4E690EB1035842EBD /* Pods-SpringCare.debug.xcconfig */,
				8367BA91FD77FFAC9DB3F4F7 /* Pods-SpringCare.release.xcconfig */,
			);
			name = Pods;
			sourceTree = "<group>";
		};
		8642C8BA1ABFF4D300251921 /* Base */ = {
			isa = PBXGroup;
			children = (
				8642C8BB1ABFF4D300251921 /* LCRefreshTableVC.h */,
				8642C8BC1ABFF4D300251921 /* LCRefreshTableVC.m */,
				8642C9AF1AC2872400251921 /* SliderViewController.h */,
				8642C9B01AC2872400251921 /* SliderViewController.m */,
			);
			path = Base;
			sourceTree = "<group>";
		};
		8642C8BF1ABFF51100251921 /* PNG */ = {
			isa = PBXGroup;
			children = (
				8642C9C41AC3B83900251921 /* navBg@2x.png */,
				8642C9C21AC3B43600251921 /* image-1.png */,
				8642C9BD1AC2A8E600251921 /* btn_right.png */,
				8642C9BB1AC2A8D100251921 /* main_1@2x.png */,
			);
			path = PNG;
			sourceTree = "<group>";
		};
		8642C8C01ABFF52100251921 /* model */ = {
			isa = PBXGroup;
			children = (
				8642C9D41AC428CF00251921 /* Relation */,
				8642C9C61AC3CF4500251921 /* NurseInfo */,
				8642C9A61AC04F3A00251921 /* UserModel.h */,
				8642C9A71AC04F3A00251921 /* UserModel.m */,
			);
			path = model;
			sourceTree = "<group>";
		};
		8642C8C11ABFF53100251921 /* NetWork */ = {
			isa = PBXGroup;
			children = (
				8642C99D1AC0283E00251921 /* LCNetWorkBase.h */,
				8642C99E1AC0283E00251921 /* LCNetWorkBase.m */,
				8642C99F1AC0283E00251921 /* NSString+MD5.h */,
				8642C9A01AC0283E00251921 /* NSString+MD5.m */,
				8642C9A11AC0283E00251921 /* ProjectDefine.h */,
				8642C9A21AC0283E00251921 /* ProjectDefine.m */,
			);
			path = NetWork;
			sourceTree = "<group>";
		};
		8642C8C21ABFF53C00251921 /* Vendor */ = {
			isa = PBXGroup;
			children = (
				8642C8D71ABFF53C00251921 /* EGOTableViewPullRefresh */,
				8642C8E51ABFF53C00251921 /* JSONKit */,
				8642C8E61ABFF53C00251921 /* SBJson3.1.1 */,
				8642C9001ABFF53C00251921 /* SDWebImage */,
			);
			path = Vendor;
			sourceTree = "<group>";
		};
		8642C8D71ABFF53C00251921 /* EGOTableViewPullRefresh */ = {
			isa = PBXGroup;
			children = (
				8642C8D81ABFF53C00251921 /* Classes */,
				8642C8DC1ABFF53C00251921 /* Resources */,
			);
			path = EGOTableViewPullRefresh;
			sourceTree = "<group>";
		};
		8642C8D81ABFF53C00251921 /* Classes */ = {
			isa = PBXGroup;
			children = (
				8642C8D91ABFF53C00251921 /* View */,
			);
			path = Classes;
			sourceTree = "<group>";
		};
		8642C8D91ABFF53C00251921 /* View */ = {
			isa = PBXGroup;
			children = (
				CFA5B5011AC01D3900D49415 /* EGORefreshTableHeaderView.h */,
				CFA5B5021AC01D3900D49415 /* EGORefreshTableHeaderView.m */,
				CFA5B5031AC01D3900D49415 /* LoadMoreTableFooterView.h */,
				CFA5B5041AC01D3900D49415 /* LoadMoreTableFooterView.m */,
				CFA5B5051AC01D3900D49415 /* MessageInterceptor.h */,
				CFA5B5061AC01D3900D49415 /* MessageInterceptor.m */,
				CFA5B5071AC01D3900D49415 /* PullTableView.h */,
				CFA5B5081AC01D3900D49415 /* PullTableView.m */,
			);
			path = View;
			sourceTree = "<group>";
		};
		8642C8DC1ABFF53C00251921 /* Resources */ = {
			isa = PBXGroup;
			children = (
				8642C8DD1ABFF53C00251921 /* blackArrow.png */,
				8642C8DE1ABFF53C00251921 /* blackArrow@2x.png */,
				8642C8DF1ABFF53C00251921 /* blueArrow.png */,
				8642C8E01ABFF53C00251921 /* blueArrow@2x.png */,
				8642C8E11ABFF53C00251921 /* grayArrow.png */,
				8642C8E21ABFF53C00251921 /* grayArrow@2x.png */,
				8642C8E31ABFF53C00251921 /* whiteArrow.png */,
				8642C8E41ABFF53C00251921 /* whiteArrow@2x.png */,
			);
			path = Resources;
			sourceTree = "<group>";
		};
		8642C8E51ABFF53C00251921 /* JSONKit */ = {
			isa = PBXGroup;
			children = (
			);
			path = JSONKit;
			sourceTree = "<group>";
		};
		8642C8E61ABFF53C00251921 /* SBJson3.1.1 */ = {
			isa = PBXGroup;
			children = (
				8642C8E71ABFF53C00251921 /* NSObject+SBJson.h */,
				8642C8E81ABFF53C00251921 /* NSObject+SBJson.m */,
				8642C8E91ABFF53C00251921 /* SBJson.h */,
				8642C8EA1ABFF53C00251921 /* SBJsonParser.h */,
				8642C8EB1ABFF53C00251921 /* SBJsonParser.m */,
				8642C8EC1ABFF53C00251921 /* SBJsonStreamParser.h */,
				8642C8ED1ABFF53C00251921 /* SBJsonStreamParser.m */,
				8642C8EE1ABFF53C00251921 /* SBJsonStreamParserAccumulator.h */,
				8642C8EF1ABFF53C00251921 /* SBJsonStreamParserAccumulator.m */,
				8642C8F01ABFF53C00251921 /* SBJsonStreamParserAdapter.h */,
				8642C8F11ABFF53C00251921 /* SBJsonStreamParserAdapter.m */,
				8642C8F21ABFF53C00251921 /* SBJsonStreamParserState.h */,
				8642C8F31ABFF53C00251921 /* SBJsonStreamParserState.m */,
				8642C8F41ABFF53C00251921 /* SBJsonStreamWriter.h */,
				8642C8F51ABFF53C00251921 /* SBJsonStreamWriter.m */,
				8642C8F61ABFF53C00251921 /* SBJsonStreamWriterAccumulator.h */,
				8642C8F71ABFF53C00251921 /* SBJsonStreamWriterAccumulator.m */,
				8642C8F81ABFF53C00251921 /* SBJsonStreamWriterState.h */,
				8642C8F91ABFF53C00251921 /* SBJsonStreamWriterState.m */,
				8642C8FA1ABFF53C00251921 /* SBJsonTokeniser.h */,
				8642C8FB1ABFF53C00251921 /* SBJsonTokeniser.m */,
				8642C8FC1ABFF53C00251921 /* SBJsonUTF8Stream.h */,
				8642C8FD1ABFF53C00251921 /* SBJsonUTF8Stream.m */,
				8642C8FE1ABFF53C00251921 /* SBJsonWriter.h */,
				8642C8FF1ABFF53C00251921 /* SBJsonWriter.m */,
			);
			path = SBJson3.1.1;
			sourceTree = "<group>";
		};
		8642C9001ABFF53C00251921 /* SDWebImage */ = {
			isa = PBXGroup;
			children = (
				8642C9011ABFF53C00251921 /* MKAnnotationView+WebCache.h */,
				8642C9021ABFF53C00251921 /* MKAnnotationView+WebCache.m */,
				8642C9031ABFF53C00251921 /* NSData+ImageContentType.h */,
				8642C9041ABFF53C00251921 /* NSData+ImageContentType.m */,
				8642C9051ABFF53C00251921 /* SDImageCache.h */,
				8642C9061ABFF53C00251921 /* SDImageCache.m */,
				8642C9071ABFF53C00251921 /* SDWebImageCompat.h */,
				8642C9081ABFF53C00251921 /* SDWebImageCompat.m */,
				8642C9091ABFF53C00251921 /* SDWebImageDecoder.h */,
				8642C90A1ABFF53C00251921 /* SDWebImageDecoder.m */,
				8642C90B1ABFF53C00251921 /* SDWebImageDownloader.h */,
				8642C90C1ABFF53C00251921 /* SDWebImageDownloader.m */,
				8642C90D1ABFF53C00251921 /* SDWebImageDownloaderOperation.h */,
				8642C90E1ABFF53C00251921 /* SDWebImageDownloaderOperation.m */,
				8642C90F1ABFF53C00251921 /* SDWebImageManager.h */,
				8642C9101ABFF53C00251921 /* SDWebImageManager.m */,
				8642C9111ABFF53C00251921 /* SDWebImageOperation.h */,
				8642C9121ABFF53C00251921 /* SDWebImagePrefetcher.h */,
				8642C9131ABFF53C00251921 /* SDWebImagePrefetcher.m */,
				8642C9141ABFF53C00251921 /* UIButton+WebCache.h */,
				8642C9151ABFF53C00251921 /* UIButton+WebCache.m */,
				8642C9161ABFF53C00251921 /* UIImage+GIF.h */,
				8642C9171ABFF53C00251921 /* UIImage+GIF.m */,
				8642C9181ABFF53C00251921 /* UIImage+MultiFormat.h */,
				8642C9191ABFF53C00251921 /* UIImage+MultiFormat.m */,
				8642C91A1ABFF53C00251921 /* UIImage+WebP.h */,
				8642C91B1ABFF53C00251921 /* UIImage+WebP.m */,
				8642C91C1ABFF53C00251921 /* UIImageView+HighlightedWebCache.h */,
				8642C91D1ABFF53C00251921 /* UIImageView+HighlightedWebCache.m */,
				8642C91E1ABFF53C00251921 /* UIImageView+WebCache.h */,
				8642C91F1ABFF53C00251921 /* UIImageView+WebCache.m */,
				8642C9201ABFF53C00251921 /* UIView+WebCacheOperation.h */,
				8642C9211ABFF53C00251921 /* UIView+WebCacheOperation.m */,
			);
			path = SDWebImage;
			sourceTree = "<group>";
		};
		8642C9501ABFF54C00251921 /* view */ = {
			isa = PBXGroup;
			children = (
				8642C9B31AC2952B00251921 /* TableViewCell */,
				8642C9511ABFF54C00251921 /* LCNavigationbar.h */,
				8642C9521ABFF54C00251921 /* LCNavigationbar.m */,
			);
			path = view;
			sourceTree = "<group>";
		};
		8642C9541ABFF55800251921 /* viewController */ = {
			isa = PBXGroup;
			children = (
				8642C9551ABFF55800251921 /* HomePage */,
				8642C9581ABFF55800251921 /* NurseInfo */,
				8642C95B1ABFF55800251921 /* Relation */,
				8642C95C1ABFF55800251921 /* UserCenter */,
			);
			path = viewController;
			sourceTree = "<group>";
		};
		8642C9551ABFF55800251921 /* HomePage */ = {
			isa = PBXGroup;
			children = (
				8642C9561ABFF55800251921 /* HomePageVC.h */,
				8642C9571ABFF55800251921 /* HomePageVC.m */,
			);
			path = HomePage;
			sourceTree = "<group>";
		};
		8642C9581ABFF55800251921 /* NurseInfo */ = {
			isa = PBXGroup;
			children = (
				8642C9591ABFF55800251921 /* NurseListMainVC.h */,
				8642C95A1ABFF55800251921 /* NurseListMainVC.m */,
				8642C9CB1AC3E99600251921 /* NurseDetailInfoVC.h */,
				8642C9CC1AC3E99600251921 /* NurseDetailInfoVC.m */,
			);
			path = NurseInfo;
			sourceTree = "<group>";
		};
		8642C95B1ABFF55800251921 /* Relation */ = {
			isa = PBXGroup;
			children = (
				8642C9BF1AC3A6E200251921 /* MessageInfoListVC.h */,
				8642C9C01AC3A6E200251921 /* MessageInfoListVC.m */,
			);
			path = Relation;
			sourceTree = "<group>";
		};
		8642C95C1ABFF55800251921 /* UserCenter */ = {
			isa = PBXGroup;
			children = (
				8642C9A91AC25F9200251921 /* LCMenuViewController.h */,
				8642C9AA1AC25F9200251921 /* LCMenuViewController.m */,
			);
			path = UserCenter;
			sourceTree = "<group>";
		};
		8642C9B31AC2952B00251921 /* TableViewCell */ = {
			isa = PBXGroup;
			children = (
				8642C9B41AC2956000251921 /* MenuTableViewCell.h */,
				8642C9B51AC2956000251921 /* MenuTableViewCell.m */,
				8642C9CE1AC4037600251921 /* MessageInfoTableViewCell.h */,
				8642C9CF1AC4037600251921 /* MessageInfoTableViewCell.m */,
			);
			path = TableViewCell;
			sourceTree = "<group>";
		};
		8642C9C61AC3CF4500251921 /* NurseInfo */ = {
			isa = PBXGroup;
			children = (
				8642C9C81AC3CFB800251921 /* NurseListInfoModel.h */,
				8642C9C91AC3CFB800251921 /* NurseListInfoModel.m */,
			);
			path = NurseInfo;
			sourceTree = "<group>";
		};
		8642C9D41AC428CF00251921 /* Relation */ = {
			isa = PBXGroup;
			children = (
				8642C9D51AC428DF00251921 /* MessageListModel.h */,
				8642C9D61AC428DF00251921 /* MessageListModel.m */,
			);
			path = Relation;
			sourceTree = "<group>";
		};
		CFAFA3A01ABFEC8C0020E774 = {
			isa = PBXGroup;
			children = (
				CFAFA3AB1ABFEC8C0020E774 /* SpringCare */,
				CFAFA3C51ABFEC8C0020E774 /* SpringCareTests */,
				CFAFA3AA1ABFEC8C0020E774 /* Products */,
				4109544DAFCCBD7007016F50 /* Pods */,
				F756FC4AA25ED03FD4567329 /* Frameworks */,
			);
			sourceTree = "<group>";
		};
		CFAFA3AA1ABFEC8C0020E774 /* Products */ = {
			isa = PBXGroup;
			children = (
				CFAFA3A91ABFEC8C0020E774 /* SpringCare.app */,
				CFAFA3C21ABFEC8C0020E774 /* SpringCareTests.xctest */,
			);
			name = Products;
			sourceTree = "<group>";
		};
		CFAFA3AB1ABFEC8C0020E774 /* SpringCare */ = {
			isa = PBXGroup;
			children = (
				8642C9541ABFF55800251921 /* viewController */,
				8642C9501ABFF54C00251921 /* view */,
				8642C8C21ABFF53C00251921 /* Vendor */,
				8642C8C11ABFF53100251921 /* NetWork */,
				8642C8C01ABFF52100251921 /* model */,
				8642C8BF1ABFF51100251921 /* PNG */,
				8642C8BA1ABFF4D300251921 /* Base */,
				CFAFA3B01ABFEC8C0020E774 /* AppDelegate.h */,
				CFAFA3B11ABFEC8C0020E774 /* AppDelegate.m */,
				8642C95F1ABFF56500251921 /* RootViewController.h */,
				8642C9601ABFF56500251921 /* RootViewController.m */,
				8642C9611ABFF56500251921 /* LCBaseVC.h */,
				8642C9621ABFF56500251921 /* LCBaseVC.m */,
				8642C9631ABFF56500251921 /* define.h */,
				CFAFA3B91ABFEC8C0020E774 /* Images.xcassets */,
				CFAFA3AC1ABFEC8C0020E774 /* Supporting Files */,
			);
			path = SpringCare;
			sourceTree = "<group>";
		};
		CFAFA3AC1ABFEC8C0020E774 /* Supporting Files */ = {
			isa = PBXGroup;
			children = (
				CFAFA3AD1ABFEC8C0020E774 /* Info.plist */,
				CFAFA3AE1ABFEC8C0020E774 /* main.m */,
			);
			name = "Supporting Files";
			sourceTree = "<group>";
		};
		CFAFA3C51ABFEC8C0020E774 /* SpringCareTests */ = {
			isa = PBXGroup;
			children = (
				CFAFA3C81ABFEC8C0020E774 /* SpringCareTests.m */,
				CFAFA3C61ABFEC8C0020E774 /* Supporting Files */,
			);
			path = SpringCareTests;
			sourceTree = "<group>";
		};
		CFAFA3C61ABFEC8C0020E774 /* Supporting Files */ = {
			isa = PBXGroup;
			children = (
				CFAFA3C71ABFEC8C0020E774 /* Info.plist */,
			);
			name = "Supporting Files";
			sourceTree = "<group>";
		};
		F756FC4AA25ED03FD4567329 /* Frameworks */ = {
			isa = PBXGroup;
			children = (
				BBBF94160FD6994D54C5FC7A /* libPods-SpringCare.a */,
			);
			name = Frameworks;
			sourceTree = "<group>";
		};
/* End PBXGroup section */

/* Begin PBXNativeTarget section */
		CFAFA3A81ABFEC8C0020E774 /* SpringCare */ = {
			isa = PBXNativeTarget;
			buildConfigurationList = CFAFA3CC1ABFEC8C0020E774 /* Build configuration list for PBXNativeTarget "SpringCare" */;
			buildPhases = (
				A355510185E7E63DBEF2FAC9 /* Check Pods Manifest.lock */,
				CFAFA3A51ABFEC8C0020E774 /* Sources */,
				CFAFA3A61ABFEC8C0020E774 /* Frameworks */,
				CFAFA3A71ABFEC8C0020E774 /* Resources */,
				6FDB1E2A7512E6802C065291 /* Copy Pods Resources */,
			);
			buildRules = (
			);
			dependencies = (
			);
			name = SpringCare;
			productName = SpringCare;
			productReference = CFAFA3A91ABFEC8C0020E774 /* SpringCare.app */;
			productType = "com.apple.product-type.application";
		};
		CFAFA3C11ABFEC8C0020E774 /* SpringCareTests */ = {
			isa = PBXNativeTarget;
			buildConfigurationList = CFAFA3CF1ABFEC8C0020E774 /* Build configuration list for PBXNativeTarget "SpringCareTests" */;
			buildPhases = (
				CFAFA3BE1ABFEC8C0020E774 /* Sources */,
				CFAFA3BF1ABFEC8C0020E774 /* Frameworks */,
				CFAFA3C01ABFEC8C0020E774 /* Resources */,
			);
			buildRules = (
			);
			dependencies = (
				CFAFA3C41ABFEC8C0020E774 /* PBXTargetDependency */,
			);
			name = SpringCareTests;
			productName = SpringCareTests;
			productReference = CFAFA3C21ABFEC8C0020E774 /* SpringCareTests.xctest */;
			productType = "com.apple.product-type.bundle.unit-test";
		};
/* End PBXNativeTarget section */

/* Begin PBXProject section */
		CFAFA3A11ABFEC8C0020E774 /* Project object */ = {
			isa = PBXProject;
			attributes = {
				LastUpgradeCheck = 0610;
				ORGANIZATIONNAME = cmkj;
				TargetAttributes = {
					CFAFA3A81ABFEC8C0020E774 = {
						CreatedOnToolsVersion = 6.1.1;
					};
					CFAFA3C11ABFEC8C0020E774 = {
						CreatedOnToolsVersion = 6.1.1;
						TestTargetID = CFAFA3A81ABFEC8C0020E774;
					};
				};
			};
			buildConfigurationList = CFAFA3A41ABFEC8C0020E774 /* Build configuration list for PBXProject "SpringCare" */;
			compatibilityVersion = "Xcode 3.2";
			developmentRegion = English;
			hasScannedForEncodings = 0;
			knownRegions = (
				en,
				Base,
			);
			mainGroup = CFAFA3A01ABFEC8C0020E774;
			productRefGroup = CFAFA3AA1ABFEC8C0020E774 /* Products */;
			projectDirPath = "";
			projectRoot = "";
			targets = (
				CFAFA3A81ABFEC8C0020E774 /* SpringCare */,
				CFAFA3C11ABFEC8C0020E774 /* SpringCareTests */,
			);
		};
/* End PBXProject section */

/* Begin PBXResourcesBuildPhase section */
		CFAFA3A71ABFEC8C0020E774 /* Resources */ = {
			isa = PBXResourcesBuildPhase;
			buildActionMask = 2147483647;
			files = (
				8642C9301ABFF53C00251921 /* grayArrow.png in Resources */,
				CFAFA3BA1ABFEC8C0020E774 /* Images.xcassets in Resources */,
				8642C9BE1AC2A8E600251921 /* btn_right.png in Resources */,
				8642C92C1ABFF53C00251921 /* blackArrow.png in Resources */,
				8642C9BC1AC2A8D100251921 /* main_1@2x.png in Resources */,
				8642C92F1ABFF53C00251921 /* blueArrow@2x.png in Resources */,
				8642C92D1ABFF53C00251921 /* blackArrow@2x.png in Resources */,
				8642C9321ABFF53C00251921 /* whiteArrow.png in Resources */,
				8642C9311ABFF53C00251921 /* grayArrow@2x.png in Resources */,
				8642C9331ABFF53C00251921 /* whiteArrow@2x.png in Resources */,
				8642C9C51AC3B83900251921 /* navBg@2x.png in Resources */,
				8642C92E1ABFF53C00251921 /* blueArrow.png in Resources */,
				8642C9C31AC3B43600251921 /* image-1.png in Resources */,
			);
			runOnlyForDeploymentPostprocessing = 0;
		};
		CFAFA3C01ABFEC8C0020E774 /* Resources */ = {
			isa = PBXResourcesBuildPhase;
			buildActionMask = 2147483647;
			files = (
			);
			runOnlyForDeploymentPostprocessing = 0;
		};
/* End PBXResourcesBuildPhase section */

/* Begin PBXShellScriptBuildPhase section */
		6FDB1E2A7512E6802C065291 /* Copy Pods Resources */ = {
			isa = PBXShellScriptBuildPhase;
			buildActionMask = 2147483647;
			files = (
			);
			inputPaths = (
			);
			name = "Copy Pods Resources";
			outputPaths = (
			);
			runOnlyForDeploymentPostprocessing = 0;
			shellPath = /bin/sh;
			shellScript = "\"${SRCROOT}/Pods/Target Support Files/Pods-SpringCare/Pods-SpringCare-resources.sh\"\n";
			showEnvVarsInLog = 0;
		};
		A355510185E7E63DBEF2FAC9 /* Check Pods Manifest.lock */ = {
			isa = PBXShellScriptBuildPhase;
			buildActionMask = 2147483647;
			files = (
			);
			inputPaths = (
			);
			name = "Check Pods Manifest.lock";
			outputPaths = (
			);
			runOnlyForDeploymentPostprocessing = 0;
			shellPath = /bin/sh;
			shellScript = "diff \"${PODS_ROOT}/../Podfile.lock\" \"${PODS_ROOT}/Manifest.lock\" > /dev/null\nif [[ $? != 0 ]] ; then\n    cat << EOM\nerror: The sandbox is not in sync with the Podfile.lock. Run 'pod install' or update your CocoaPods installation.\nEOM\n    exit 1\nfi\n";
			showEnvVarsInLog = 0;
		};
/* End PBXShellScriptBuildPhase section */

/* Begin PBXSourcesBuildPhase section */
		CFAFA3A51ABFEC8C0020E774 /* Sources */ = {
			isa = PBXSourcesBuildPhase;
			buildActionMask = 2147483647;
			files = (
				8642C94F1ABFF53C00251921 /* UIView+WebCacheOperation.m in Sources */,
				CFAFA3B21ABFEC8C0020E774 /* AppDelegate.m in Sources */,
				8642C95E1ABFF55800251921 /* NurseListMainVC.m in Sources */,
				8642C94E1ABFF53C00251921 /* UIImageView+WebCache.m in Sources */,
				8642C9371ABFF53C00251921 /* SBJsonStreamParserAccumulator.m in Sources */,
				8642C9A31AC0283E00251921 /* LCNetWorkBase.m in Sources */,
				8642C9A41AC0283E00251921 /* NSString+MD5.m in Sources */,
				8642C93A1ABFF53C00251921 /* SBJsonStreamWriter.m in Sources */,
				8642C9531ABFF54C00251921 /* LCNavigationbar.m in Sources */,
				8642C9411ABFF53C00251921 /* NSData+ImageContentType.m in Sources */,
				8642C9351ABFF53C00251921 /* SBJsonParser.m in Sources */,
				8642C9B11AC2872400251921 /* SliderViewController.m in Sources */,
				8642C9491ABFF53C00251921 /* UIButton+WebCache.m in Sources */,
				8642C95D1ABFF55800251921 /* HomePageVC.m in Sources */,
				8642C9481ABFF53C00251921 /* SDWebImagePrefetcher.m in Sources */,
				8642C9A81AC04F3A00251921 /* UserModel.m in Sources */,
				8642C9641ABFF56500251921 /* RootViewController.m in Sources */,
				8642C9B61AC2956000251921 /* MenuTableViewCell.m in Sources */,
				8642C93D1ABFF53C00251921 /* SBJsonTokeniser.m in Sources */,
				8642C94D1ABFF53C00251921 /* UIImageView+HighlightedWebCache.m in Sources */,
				8642C9C11AC3A6E200251921 /* MessageInfoListVC.m in Sources */,
				8642C9391ABFF53C00251921 /* SBJsonStreamParserState.m in Sources */,
				8642C9471ABFF53C00251921 /* SDWebImageManager.m in Sources */,
				8642C9D01AC4037600251921 /* MessageInfoTableViewCell.m in Sources */,
				8642C9CD1AC3E99600251921 /* NurseDetailInfoVC.m in Sources */,
				8642C9361ABFF53C00251921 /* SBJsonStreamParser.m in Sources */,
				CFA5B50C1AC01D3900D49415 /* PullTableView.m in Sources */,
				8642C9341ABFF53C00251921 /* NSObject+SBJson.m in Sources */,
				8642C9AB1AC25F9200251921 /* LCMenuViewController.m in Sources */,
				8642C94A1ABFF53C00251921 /* UIImage+GIF.m in Sources */,
				CFA5B5091AC01D3900D49415 /* EGORefreshTableHeaderView.m in Sources */,
				8642C93C1ABFF53C00251921 /* SBJsonStreamWriterState.m in Sources */,
				8642C94B1ABFF53C00251921 /* UIImage+MultiFormat.m in Sources */,
				8642C9651ABFF56500251921 /* LCBaseVC.m in Sources */,
				8642C9461ABFF53C00251921 /* SDWebImageDownloaderOperation.m in Sources */,
				CFA5B50A1AC01D3900D49415 /* LoadMoreTableFooterView.m in Sources */,
				CFAFA3AF1ABFEC8C0020E774 /* main.m in Sources */,
				CFA5B50B1AC01D3900D49415 /* MessageInterceptor.m in Sources */,
				8642C93B1ABFF53C00251921 /* SBJsonStreamWriterAccumulator.m in Sources */,
				8642C9441ABFF53C00251921 /* SDWebImageDecoder.m in Sources */,
				8642C94C1ABFF53C00251921 /* UIImage+WebP.m in Sources */,
				8642C9431ABFF53C00251921 /* SDWebImageCompat.m in Sources */,
				8642C9CA1AC3CFB800251921 /* NurseListInfoModel.m in Sources */,
				8642C93F1ABFF53C00251921 /* SBJsonWriter.m in Sources */,
				8642C8BD1ABFF4D300251921 /* LCRefreshTableVC.m in Sources */,
				8642C9451ABFF53C00251921 /* SDWebImageDownloader.m in Sources */,
				8642C9401ABFF53C00251921 /* MKAnnotationView+WebCache.m in Sources */,
				8642C9D71AC428DF00251921 /* MessageListModel.m in Sources */,
				8642C9381ABFF53C00251921 /* SBJsonStreamParserAdapter.m in Sources */,
				8642C93E1ABFF53C00251921 /* SBJsonUTF8Stream.m in Sources */,
				8642C9A51AC0283E00251921 /* ProjectDefine.m in Sources */,
				8642C9421ABFF53C00251921 /* SDImageCache.m in Sources */,
			);
			runOnlyForDeploymentPostprocessing = 0;
		};
		CFAFA3BE1ABFEC8C0020E774 /* Sources */ = {
			isa = PBXSourcesBuildPhase;
			buildActionMask = 2147483647;
			files = (
				CFAFA3C91ABFEC8C0020E774 /* SpringCareTests.m in Sources */,
			);
			runOnlyForDeploymentPostprocessing = 0;
		};
/* End PBXSourcesBuildPhase section */

/* Begin PBXTargetDependency section */
		CFAFA3C41ABFEC8C0020E774 /* PBXTargetDependency */ = {
			isa = PBXTargetDependency;
			target = CFAFA3A81ABFEC8C0020E774 /* SpringCare */;
			targetProxy = CFAFA3C31ABFEC8C0020E774 /* PBXContainerItemProxy */;
		};
/* End PBXTargetDependency section */

/* Begin XCBuildConfiguration section */
		CFAFA3CA1ABFEC8C0020E774 /* Debug */ = {
			isa = XCBuildConfiguration;
			buildSettings = {
				ALWAYS_SEARCH_USER_PATHS = NO;
				CLANG_CXX_LANGUAGE_STANDARD = "gnu++0x";
				CLANG_CXX_LIBRARY = "libc++";
				CLANG_ENABLE_MODULES = YES;
				CLANG_ENABLE_OBJC_ARC = YES;
				CLANG_WARN_BOOL_CONVERSION = YES;
				CLANG_WARN_CONSTANT_CONVERSION = YES;
				CLANG_WARN_DIRECT_OBJC_ISA_USAGE = YES_ERROR;
				CLANG_WARN_EMPTY_BODY = YES;
				CLANG_WARN_ENUM_CONVERSION = YES;
				CLANG_WARN_INT_CONVERSION = YES;
				CLANG_WARN_OBJC_ROOT_CLASS = YES_ERROR;
				CLANG_WARN_UNREACHABLE_CODE = YES;
				CLANG_WARN__DUPLICATE_METHOD_MATCH = YES;
				"CODE_SIGN_IDENTITY[sdk=iphoneos*]" = "iPhone Developer";
				COPY_PHASE_STRIP = NO;
				ENABLE_STRICT_OBJC_MSGSEND = YES;
				GCC_C_LANGUAGE_STANDARD = gnu99;
				GCC_DYNAMIC_NO_PIC = NO;
				GCC_OPTIMIZATION_LEVEL = 0;
				GCC_PREPROCESSOR_DEFINITIONS = (
					"DEBUG=1",
					"$(inherited)",
				);
				GCC_SYMBOLS_PRIVATE_EXTERN = NO;
				GCC_WARN_64_TO_32_BIT_CONVERSION = YES;
				GCC_WARN_ABOUT_RETURN_TYPE = YES_ERROR;
				GCC_WARN_UNDECLARED_SELECTOR = YES;
				GCC_WARN_UNINITIALIZED_AUTOS = YES_AGGRESSIVE;
				GCC_WARN_UNUSED_FUNCTION = YES;
				GCC_WARN_UNUSED_VARIABLE = YES;
				IPHONEOS_DEPLOYMENT_TARGET = 8.1;
				MTL_ENABLE_DEBUG_INFO = YES;
				ONLY_ACTIVE_ARCH = YES;
				SDKROOT = iphoneos;
			};
			name = Debug;
		};
		CFAFA3CB1ABFEC8C0020E774 /* Release */ = {
			isa = XCBuildConfiguration;
			buildSettings = {
				ALWAYS_SEARCH_USER_PATHS = NO;
				CLANG_CXX_LANGUAGE_STANDARD = "gnu++0x";
				CLANG_CXX_LIBRARY = "libc++";
				CLANG_ENABLE_MODULES = YES;
				CLANG_ENABLE_OBJC_ARC = YES;
				CLANG_WARN_BOOL_CONVERSION = YES;
				CLANG_WARN_CONSTANT_CONVERSION = YES;
				CLANG_WARN_DIRECT_OBJC_ISA_USAGE = YES_ERROR;
				CLANG_WARN_EMPTY_BODY = YES;
				CLANG_WARN_ENUM_CONVERSION = YES;
				CLANG_WARN_INT_CONVERSION = YES;
				CLANG_WARN_OBJC_ROOT_CLASS = YES_ERROR;
				CLANG_WARN_UNREACHABLE_CODE = YES;
				CLANG_WARN__DUPLICATE_METHOD_MATCH = YES;
				"CODE_SIGN_IDENTITY[sdk=iphoneos*]" = "iPhone Developer";
				COPY_PHASE_STRIP = YES;
				ENABLE_NS_ASSERTIONS = NO;
				ENABLE_STRICT_OBJC_MSGSEND = YES;
				GCC_C_LANGUAGE_STANDARD = gnu99;
				GCC_WARN_64_TO_32_BIT_CONVERSION = YES;
				GCC_WARN_ABOUT_RETURN_TYPE = YES_ERROR;
				GCC_WARN_UNDECLARED_SELECTOR = YES;
				GCC_WARN_UNINITIALIZED_AUTOS = YES_AGGRESSIVE;
				GCC_WARN_UNUSED_FUNCTION = YES;
				GCC_WARN_UNUSED_VARIABLE = YES;
				IPHONEOS_DEPLOYMENT_TARGET = 8.1;
				MTL_ENABLE_DEBUG_INFO = NO;
				SDKROOT = iphoneos;
				VALIDATE_PRODUCT = YES;
			};
			name = Release;
		};
		CFAFA3CD1ABFEC8C0020E774 /* Debug */ = {
			isa = XCBuildConfiguration;
			baseConfigurationReference = 883A92A4E690EB1035842EBD /* Pods-SpringCare.debug.xcconfig */;
			buildSettings = {
				ASSETCATALOG_COMPILER_APPICON_NAME = AppIcon;
				INFOPLIST_FILE = SpringCare/Info.plist;
				IPHONEOS_DEPLOYMENT_TARGET = 6.0;
				LD_RUNPATH_SEARCH_PATHS = "$(inherited) @executable_path/Frameworks";
				PRODUCT_NAME = "$(TARGET_NAME)";
			};
			name = Debug;
		};
		CFAFA3CE1ABFEC8C0020E774 /* Release */ = {
			isa = XCBuildConfiguration;
			baseConfigurationReference = 8367BA91FD77FFAC9DB3F4F7 /* Pods-SpringCare.release.xcconfig */;
			buildSettings = {
				ASSETCATALOG_COMPILER_APPICON_NAME = AppIcon;
				INFOPLIST_FILE = SpringCare/Info.plist;
				IPHONEOS_DEPLOYMENT_TARGET = 6.0;
				LD_RUNPATH_SEARCH_PATHS = "$(inherited) @executable_path/Frameworks";
				PRODUCT_NAME = "$(TARGET_NAME)";
			};
			name = Release;
		};
		CFAFA3D01ABFEC8C0020E774 /* Debug */ = {
			isa = XCBuildConfiguration;
			buildSettings = {
				BUNDLE_LOADER = "$(TEST_HOST)";
				FRAMEWORK_SEARCH_PATHS = (
					"$(SDKROOT)/Developer/Library/Frameworks",
					"$(inherited)",
				);
				GCC_PREPROCESSOR_DEFINITIONS = (
					"DEBUG=1",
					"$(inherited)",
				);
				INFOPLIST_FILE = SpringCareTests/Info.plist;
				LD_RUNPATH_SEARCH_PATHS = "$(inherited) @executable_path/Frameworks @loader_path/Frameworks";
				PRODUCT_NAME = "$(TARGET_NAME)";
				TEST_HOST = "$(BUILT_PRODUCTS_DIR)/SpringCare.app/SpringCare";
			};
			name = Debug;
		};
		CFAFA3D11ABFEC8C0020E774 /* Release */ = {
			isa = XCBuildConfiguration;
			buildSettings = {
				BUNDLE_LOADER = "$(TEST_HOST)";
				FRAMEWORK_SEARCH_PATHS = (
					"$(SDKROOT)/Developer/Library/Frameworks",
					"$(inherited)",
				);
				INFOPLIST_FILE = SpringCareTests/Info.plist;
				LD_RUNPATH_SEARCH_PATHS = "$(inherited) @executable_path/Frameworks @loader_path/Frameworks";
				PRODUCT_NAME = "$(TARGET_NAME)";
				TEST_HOST = "$(BUILT_PRODUCTS_DIR)/SpringCare.app/SpringCare";
			};
			name = Release;
		};
/* End XCBuildConfiguration section */

/* Begin XCConfigurationList section */
		CFAFA3A41ABFEC8C0020E774 /* Build configuration list for PBXProject "SpringCare" */ = {
			isa = XCConfigurationList;
			buildConfigurations = (
				CFAFA3CA1ABFEC8C0020E774 /* Debug */,
				CFAFA3CB1ABFEC8C0020E774 /* Release */,
			);
			defaultConfigurationIsVisible = 0;
			defaultConfigurationName = Release;
		};
		CFAFA3CC1ABFEC8C0020E774 /* Build configuration list for PBXNativeTarget "SpringCare" */ = {
			isa = XCConfigurationList;
			buildConfigurations = (
				CFAFA3CD1ABFEC8C0020E774 /* Debug */,
				CFAFA3CE1ABFEC8C0020E774 /* Release */,
			);
			defaultConfigurationIsVisible = 0;
			defaultConfigurationName = Release;
		};
		CFAFA3CF1ABFEC8C0020E774 /* Build configuration list for PBXNativeTarget "SpringCareTests" */ = {
			isa = XCConfigurationList;
			buildConfigurations = (
				CFAFA3D01ABFEC8C0020E774 /* Debug */,
				CFAFA3D11ABFEC8C0020E774 /* Release */,
			);
			defaultConfigurationIsVisible = 0;
			defaultConfigurationName = Release;
		};
/* End XCConfigurationList section */
	};
	rootObject = CFAFA3A11ABFEC8C0020E774 /* Project object */;
}
